[[package]]
name = "oracle_perps_v1.aleo"
location = "local"
path = "/../../../../arc20_token_wrappers/btc_wrapper/../../pool/../oracle"
checksum = "bb09a4d04572b456b9454dac2b031d6f440f58ba282556041ae33871cbf5ac6b"
dependencies = []

[[package]]
name = "pool_perps_v1.aleo"
location = "local"
path = "/../../../../arc20_token_wrappers/btc_wrapper/../../pool"
checksum = "739b11b12028aefb29022cd2a8636ca45d7f96c401c3aac135948721cb32ae79"
dependencies = ["oracle_perps_v1.aleo"]

[[package]]
name = "btc_perps_v1.aleo"
location = "local"
path = "/../../../../arc20_token_wrappers/btc_wrapper/../../arc20_tokens/btc"
checksum = "41918aee3ce0d8cd9ee51575422a64f8e494d0bb60ce40700fca4a7f65d38251"
dependencies = []
